
Microsoft Visual Studio Solution File, Format Version 12.00
# Visual Studio Version 17
VisualStudioVersion = 17.11.35219.272
MinimumVisualStudioVersion = 10.0.40219.1
Project("{9A19103F-16F7-4668-BE54-9A1E7A4F7556}") = "Pixed.Common", "Pixed.Common\Pixed.Common.csproj", "{B8B7F90E-0A5E-4A19-9BF9-9E2AC1046EAC}"
EndProject
Project("{9A19103F-16F7-4668-BE54-9A1E7A4F7556}") = "Pixed.Windows", "Pixed.Windows\Pixed.Windows.csproj", "{A519001E-8F96-4F91-8A98-F5BC1ACD5D17}"
EndProject
Project("{54435603-DBB4-11D2-8724-00A0C9A8B90C}") = "Pixed.Installer", "Pixed.Installer\Pixed.Installer.vdproj", "{FBAACD2F-0EC9-4406-ABCC-AF795F78DC0A}"
EndProject
Project("{C7167F0D-BC9F-4E6E-AFE1-012C56B48DB5}") = "Pixed.MSStore", "Pixed.MSStore\Pixed.MSStore.wapproj", "{4C37F951-812D-4584-B092-C3D03C1B1CA0}"
EndProject
Project("{9A19103F-16F7-4668-BE54-9A1E7A4F7556}") = "Pixed.Tests", "Pixed.Tests\Pixed.Tests.csproj", "{450F3BDE-36E5-4987-9470-46BD6087C8EE}"
EndProject
Project("{9A19103F-16F7-4668-BE54-9A1E7A4F7556}") = "Pixed.Application", "Pixed.Application\Pixed.Application.csproj", "{62B77C93-EDB8-41B2-9752-9365CC5A98BF}"
EndProject
Project("{9A19103F-16F7-4668-BE54-9A1E7A4F7556}") = "Pixed.SimpleExtension", "Pixed.SimpleExtension\Pixed.SimpleExtension.csproj", "{3940324F-846C-4DD5-A054-BD1F37A791F1}"
EndProject
Project("{9A19103F-16F7-4668-BE54-9A1E7A4F7556}") = "Pixed.BigGustave", "Pixed.BigGustave\Pixed.BigGustave.csproj", "{843A4EC4-39EB-4559-8899-8F08CDA1B903}"
EndProject
Project("{9A19103F-16F7-4668-BE54-9A1E7A4F7556}") = "Pixed.BigGustave.Tests", "Pixed.BigGustave.Tests\Pixed.BigGustave.Tests.csproj", "{98B248FB-530C-4EA4-BE0B-FE7D2FC122C9}"
EndProject
Project("{2150E333-8FDC-42A3-9474-1A3956D46DE8}") = "Installers", "Installers", "{1DA51EEA-D261-43CA-A731-C8F07AD7DED1}"
EndProject
Project("{2150E333-8FDC-42A3-9474-1A3956D46DE8}") = "Tests", "Tests", "{6D2FC2D3-0CEA-472F-BF0D-130998AFCC00}"
EndProject
Project("{2150E333-8FDC-42A3-9474-1A3956D46DE8}") = "Runtimes", "Runtimes", "{B0496504-7AA2-4EBA-99E7-5221A102EFE4}"
EndProject
Project("{FAE04EC0-301F-11D3-BF4B-00C04F79EFBC}") = "Pixed.Core", "Pixed.Core\Pixed.Core.csproj", "{CF220898-E856-48B0-928F-358B137B3CFF}"
EndProject
Global
	GlobalSection(SolutionConfigurationPlatforms) = preSolution
		Debug|Any CPU = Debug|Any CPU
		Debug|ARM = Debug|ARM
		Debug|ARM64 = Debug|ARM64
		Debug|x64 = Debug|x64
		Debug|x86 = Debug|x86
		Release|Any CPU = Release|Any CPU
		Release|ARM = Release|ARM
		Release|ARM64 = Release|ARM64
		Release|x64 = Release|x64
		Release|x86 = Release|x86
	EndGlobalSection
	GlobalSection(ProjectConfigurationPlatforms) = postSolution
		{B8B7F90E-0A5E-4A19-9BF9-9E2AC1046EAC}.Debug|Any CPU.ActiveCfg = Debug|Any CPU
		{B8B7F90E-0A5E-4A19-9BF9-9E2AC1046EAC}.Debug|Any CPU.Build.0 = Debug|Any CPU
		{B8B7F90E-0A5E-4A19-9BF9-9E2AC1046EAC}.Debug|ARM.ActiveCfg = Debug|Any CPU
		{B8B7F90E-0A5E-4A19-9BF9-9E2AC1046EAC}.Debug|ARM.Build.0 = Debug|Any CPU
		{B8B7F90E-0A5E-4A19-9BF9-9E2AC1046EAC}.Debug|ARM64.ActiveCfg = Debug|Any CPU
		{B8B7F90E-0A5E-4A19-9BF9-9E2AC1046EAC}.Debug|ARM64.Build.0 = Debug|Any CPU
		{B8B7F90E-0A5E-4A19-9BF9-9E2AC1046EAC}.Debug|x64.ActiveCfg = Debug|x64
		{B8B7F90E-0A5E-4A19-9BF9-9E2AC1046EAC}.Debug|x64.Build.0 = Debug|x64
		{B8B7F90E-0A5E-4A19-9BF9-9E2AC1046EAC}.Debug|x86.ActiveCfg = Debug|Any CPU
		{B8B7F90E-0A5E-4A19-9BF9-9E2AC1046EAC}.Debug|x86.Build.0 = Debug|Any CPU
		{B8B7F90E-0A5E-4A19-9BF9-9E2AC1046EAC}.Release|Any CPU.ActiveCfg = Release|Any CPU
		{B8B7F90E-0A5E-4A19-9BF9-9E2AC1046EAC}.Release|Any CPU.Build.0 = Release|Any CPU
		{B8B7F90E-0A5E-4A19-9BF9-9E2AC1046EAC}.Release|ARM.ActiveCfg = Release|Any CPU
		{B8B7F90E-0A5E-4A19-9BF9-9E2AC1046EAC}.Release|ARM.Build.0 = Release|Any CPU
		{B8B7F90E-0A5E-4A19-9BF9-9E2AC1046EAC}.Release|ARM64.ActiveCfg = Release|Any CPU
		{B8B7F90E-0A5E-4A19-9BF9-9E2AC1046EAC}.Release|ARM64.Build.0 = Release|Any CPU
		{B8B7F90E-0A5E-4A19-9BF9-9E2AC1046EAC}.Release|x64.ActiveCfg = Release|x64
		{B8B7F90E-0A5E-4A19-9BF9-9E2AC1046EAC}.Release|x64.Build.0 = Release|x64
		{B8B7F90E-0A5E-4A19-9BF9-9E2AC1046EAC}.Release|x86.ActiveCfg = Release|Any CPU
		{B8B7F90E-0A5E-4A19-9BF9-9E2AC1046EAC}.Release|x86.Build.0 = Release|Any CPU
		{A519001E-8F96-4F91-8A98-F5BC1ACD5D17}.Debug|Any CPU.ActiveCfg = Debug|Any CPU
		{A519001E-8F96-4F91-8A98-F5BC1ACD5D17}.Debug|Any CPU.Build.0 = Debug|Any CPU
		{A519001E-8F96-4F91-8A98-F5BC1ACD5D17}.Debug|ARM.ActiveCfg = Debug|Any CPU
		{A519001E-8F96-4F91-8A98-F5BC1ACD5D17}.Debug|ARM.Build.0 = Debug|Any CPU
		{A519001E-8F96-4F91-8A98-F5BC1ACD5D17}.Debug|ARM64.ActiveCfg = Debug|Any CPU
		{A519001E-8F96-4F91-8A98-F5BC1ACD5D17}.Debug|ARM64.Build.0 = Debug|Any CPU
		{A519001E-8F96-4F91-8A98-F5BC1ACD5D17}.Debug|x64.ActiveCfg = Debug|x64
		{A519001E-8F96-4F91-8A98-F5BC1ACD5D17}.Debug|x64.Build.0 = Debug|x64
		{A519001E-8F96-4F91-8A98-F5BC1ACD5D17}.Debug|x86.ActiveCfg = Debug|Any CPU
		{A519001E-8F96-4F91-8A98-F5BC1ACD5D17}.Debug|x86.Build.0 = Debug|Any CPU
		{A519001E-8F96-4F91-8A98-F5BC1ACD5D17}.Release|Any CPU.ActiveCfg = Release|Any CPU
		{A519001E-8F96-4F91-8A98-F5BC1ACD5D17}.Release|Any CPU.Build.0 = Release|Any CPU
		{A519001E-8F96-4F91-8A98-F5BC1ACD5D17}.Release|ARM.ActiveCfg = Release|Any CPU
		{A519001E-8F96-4F91-8A98-F5BC1ACD5D17}.Release|ARM.Build.0 = Release|Any CPU
		{A519001E-8F96-4F91-8A98-F5BC1ACD5D17}.Release|ARM64.ActiveCfg = Release|Any CPU
		{A519001E-8F96-4F91-8A98-F5BC1ACD5D17}.Release|ARM64.Build.0 = Release|Any CPU
		{A519001E-8F96-4F91-8A98-F5BC1ACD5D17}.Release|x64.ActiveCfg = Release|x64
		{A519001E-8F96-4F91-8A98-F5BC1ACD5D17}.Release|x64.Build.0 = Release|x64
		{A519001E-8F96-4F91-8A98-F5BC1ACD5D17}.Release|x86.ActiveCfg = Release|Any CPU
		{A519001E-8F96-4F91-8A98-F5BC1ACD5D17}.Release|x86.Build.0 = Release|Any CPU
		{FBAACD2F-0EC9-4406-ABCC-AF795F78DC0A}.Debug|Any CPU.ActiveCfg = Debug
		{FBAACD2F-0EC9-4406-ABCC-AF795F78DC0A}.Debug|ARM.ActiveCfg = Debug
		{FBAACD2F-0EC9-4406-ABCC-AF795F78DC0A}.Debug|ARM.Build.0 = Debug
		{FBAACD2F-0EC9-4406-ABCC-AF795F78DC0A}.Debug|ARM64.ActiveCfg = Debug
		{FBAACD2F-0EC9-4406-ABCC-AF795F78DC0A}.Debug|ARM64.Build.0 = Debug
		{FBAACD2F-0EC9-4406-ABCC-AF795F78DC0A}.Debug|x64.ActiveCfg = Debug
		{FBAACD2F-0EC9-4406-ABCC-AF795F78DC0A}.Debug|x64.Build.0 = Debug
		{FBAACD2F-0EC9-4406-ABCC-AF795F78DC0A}.Debug|x86.ActiveCfg = Debug
		{FBAACD2F-0EC9-4406-ABCC-AF795F78DC0A}.Debug|x86.Build.0 = Debug
		{FBAACD2F-0EC9-4406-ABCC-AF795F78DC0A}.Release|Any CPU.ActiveCfg = Release
		{FBAACD2F-0EC9-4406-ABCC-AF795F78DC0A}.Release|ARM.ActiveCfg = Release
		{FBAACD2F-0EC9-4406-ABCC-AF795F78DC0A}.Release|ARM.Build.0 = Release
		{FBAACD2F-0EC9-4406-ABCC-AF795F78DC0A}.Release|ARM64.ActiveCfg = Release
		{FBAACD2F-0EC9-4406-ABCC-AF795F78DC0A}.Release|ARM64.Build.0 = Release
		{FBAACD2F-0EC9-4406-ABCC-AF795F78DC0A}.Release|x64.ActiveCfg = Release
		{FBAACD2F-0EC9-4406-ABCC-AF795F78DC0A}.Release|x64.Build.0 = Release
		{FBAACD2F-0EC9-4406-ABCC-AF795F78DC0A}.Release|x86.ActiveCfg = Release
		{FBAACD2F-0EC9-4406-ABCC-AF795F78DC0A}.Release|x86.Build.0 = Release
		{4C37F951-812D-4584-B092-C3D03C1B1CA0}.Debug|Any CPU.ActiveCfg = Debug|Any CPU
		{4C37F951-812D-4584-B092-C3D03C1B1CA0}.Debug|Any CPU.Build.0 = Debug|Any CPU
		{4C37F951-812D-4584-B092-C3D03C1B1CA0}.Debug|Any CPU.Deploy.0 = Debug|Any CPU
		{4C37F951-812D-4584-B092-C3D03C1B1CA0}.Debug|ARM.ActiveCfg = Debug|ARM
		{4C37F951-812D-4584-B092-C3D03C1B1CA0}.Debug|ARM.Build.0 = Debug|ARM
		{4C37F951-812D-4584-B092-C3D03C1B1CA0}.Debug|ARM.Deploy.0 = Debug|ARM
		{4C37F951-812D-4584-B092-C3D03C1B1CA0}.Debug|ARM64.ActiveCfg = Debug|ARM64
		{4C37F951-812D-4584-B092-C3D03C1B1CA0}.Debug|ARM64.Build.0 = Debug|ARM64
		{4C37F951-812D-4584-B092-C3D03C1B1CA0}.Debug|ARM64.Deploy.0 = Debug|ARM64
		{4C37F951-812D-4584-B092-C3D03C1B1CA0}.Debug|x64.ActiveCfg = Debug|x64
		{4C37F951-812D-4584-B092-C3D03C1B1CA0}.Debug|x64.Build.0 = Debug|x64
		{4C37F951-812D-4584-B092-C3D03C1B1CA0}.Debug|x64.Deploy.0 = Debug|x64
		{4C37F951-812D-4584-B092-C3D03C1B1CA0}.Debug|x86.ActiveCfg = Debug|x86
		{4C37F951-812D-4584-B092-C3D03C1B1CA0}.Debug|x86.Build.0 = Debug|x86
		{4C37F951-812D-4584-B092-C3D03C1B1CA0}.Debug|x86.Deploy.0 = Debug|x86
		{4C37F951-812D-4584-B092-C3D03C1B1CA0}.Release|Any CPU.ActiveCfg = Release|Any CPU
		{4C37F951-812D-4584-B092-C3D03C1B1CA0}.Release|ARM.ActiveCfg = Release|ARM
		{4C37F951-812D-4584-B092-C3D03C1B1CA0}.Release|ARM.Build.0 = Release|ARM
		{4C37F951-812D-4584-B092-C3D03C1B1CA0}.Release|ARM.Deploy.0 = Release|ARM
		{4C37F951-812D-4584-B092-C3D03C1B1CA0}.Release|ARM64.ActiveCfg = Release|ARM64
		{4C37F951-812D-4584-B092-C3D03C1B1CA0}.Release|ARM64.Build.0 = Release|ARM64
		{4C37F951-812D-4584-B092-C3D03C1B1CA0}.Release|ARM64.Deploy.0 = Release|ARM64
		{4C37F951-812D-4584-B092-C3D03C1B1CA0}.Release|x64.ActiveCfg = Release|x64
		{4C37F951-812D-4584-B092-C3D03C1B1CA0}.Release|x64.Build.0 = Release|x64
		{4C37F951-812D-4584-B092-C3D03C1B1CA0}.Release|x64.Deploy.0 = Release|x64
		{4C37F951-812D-4584-B092-C3D03C1B1CA0}.Release|x86.ActiveCfg = Release|x86
		{4C37F951-812D-4584-B092-C3D03C1B1CA0}.Release|x86.Build.0 = Release|x86
		{4C37F951-812D-4584-B092-C3D03C1B1CA0}.Release|x86.Deploy.0 = Release|x86
		{450F3BDE-36E5-4987-9470-46BD6087C8EE}.Debug|Any CPU.ActiveCfg = Debug|Any CPU
		{450F3BDE-36E5-4987-9470-46BD6087C8EE}.Debug|Any CPU.Build.0 = Debug|Any CPU
		{450F3BDE-36E5-4987-9470-46BD6087C8EE}.Debug|ARM.ActiveCfg = Debug|Any CPU
		{450F3BDE-36E5-4987-9470-46BD6087C8EE}.Debug|ARM.Build.0 = Debug|Any CPU
		{450F3BDE-36E5-4987-9470-46BD6087C8EE}.Debug|ARM64.ActiveCfg = Debug|Any CPU
		{450F3BDE-36E5-4987-9470-46BD6087C8EE}.Debug|ARM64.Build.0 = Debug|Any CPU
		{450F3BDE-36E5-4987-9470-46BD6087C8EE}.Debug|x64.ActiveCfg = Debug|Any CPU
		{450F3BDE-36E5-4987-9470-46BD6087C8EE}.Debug|x64.Build.0 = Debug|Any CPU
		{450F3BDE-36E5-4987-9470-46BD6087C8EE}.Debug|x86.ActiveCfg = Debug|Any CPU
		{450F3BDE-36E5-4987-9470-46BD6087C8EE}.Debug|x86.Build.0 = Debug|Any CPU
		{450F3BDE-36E5-4987-9470-46BD6087C8EE}.Release|Any CPU.ActiveCfg = Release|Any CPU
		{450F3BDE-36E5-4987-9470-46BD6087C8EE}.Release|Any CPU.Build.0 = Release|Any CPU
		{450F3BDE-36E5-4987-9470-46BD6087C8EE}.Release|ARM.ActiveCfg = Release|Any CPU
		{450F3BDE-36E5-4987-9470-46BD6087C8EE}.Release|ARM.Build.0 = Release|Any CPU
		{450F3BDE-36E5-4987-9470-46BD6087C8EE}.Release|ARM64.ActiveCfg = Release|Any CPU
		{450F3BDE-36E5-4987-9470-46BD6087C8EE}.Release|ARM64.Build.0 = Release|Any CPU
		{450F3BDE-36E5-4987-9470-46BD6087C8EE}.Release|x64.ActiveCfg = Release|Any CPU
		{450F3BDE-36E5-4987-9470-46BD6087C8EE}.Release|x64.Build.0 = Release|Any CPU
		{450F3BDE-36E5-4987-9470-46BD6087C8EE}.Release|x86.ActiveCfg = Release|Any CPU
		{450F3BDE-36E5-4987-9470-46BD6087C8EE}.Release|x86.Build.0 = Release|Any CPU
		{62B77C93-EDB8-41B2-9752-9365CC5A98BF}.Debug|Any CPU.ActiveCfg = Debug|Any CPU
		{62B77C93-EDB8-41B2-9752-9365CC5A98BF}.Debug|Any CPU.Build.0 = Debug|Any CPU
		{62B77C93-EDB8-41B2-9752-9365CC5A98BF}.Debug|ARM.ActiveCfg = Debug|Any CPU
		{62B77C93-EDB8-41B2-9752-9365CC5A98BF}.Debug|ARM.Build.0 = Debug|Any CPU
		{62B77C93-EDB8-41B2-9752-9365CC5A98BF}.Debug|ARM64.ActiveCfg = Debug|Any CPU
		{62B77C93-EDB8-41B2-9752-9365CC5A98BF}.Debug|ARM64.Build.0 = Debug|Any CPU
		{62B77C93-EDB8-41B2-9752-9365CC5A98BF}.Debug|x64.ActiveCfg = Debug|x64
		{62B77C93-EDB8-41B2-9752-9365CC5A98BF}.Debug|x64.Build.0 = Debug|x64
		{62B77C93-EDB8-41B2-9752-9365CC5A98BF}.Debug|x86.ActiveCfg = Debug|Any CPU
		{62B77C93-EDB8-41B2-9752-9365CC5A98BF}.Debug|x86.Build.0 = Debug|Any CPU
		{62B77C93-EDB8-41B2-9752-9365CC5A98BF}.Release|Any CPU.ActiveCfg = Release|Any CPU
		{62B77C93-EDB8-41B2-9752-9365CC5A98BF}.Release|Any CPU.Build.0 = Release|Any CPU
		{62B77C93-EDB8-41B2-9752-9365CC5A98BF}.Release|ARM.ActiveCfg = Release|Any CPU
		{62B77C93-EDB8-41B2-9752-9365CC5A98BF}.Release|ARM.Build.0 = Release|Any CPU
		{62B77C93-EDB8-41B2-9752-9365CC5A98BF}.Release|ARM64.ActiveCfg = Release|Any CPU
		{62B77C93-EDB8-41B2-9752-9365CC5A98BF}.Release|ARM64.Build.0 = Release|Any CPU
		{62B77C93-EDB8-41B2-9752-9365CC5A98BF}.Release|x64.ActiveCfg = Release|Any CPU
		{62B77C93-EDB8-41B2-9752-9365CC5A98BF}.Release|x64.Build.0 = Release|Any CPU
		{62B77C93-EDB8-41B2-9752-9365CC5A98BF}.Release|x86.ActiveCfg = Release|Any CPU
		{62B77C93-EDB8-41B2-9752-9365CC5A98BF}.Release|x86.Build.0 = Release|Any CPU
		{3940324F-846C-4DD5-A054-BD1F37A791F1}.Debug|Any CPU.ActiveCfg = Debug|Any CPU
		{3940324F-846C-4DD5-A054-BD1F37A791F1}.Debug|Any CPU.Build.0 = Debug|Any CPU
		{3940324F-846C-4DD5-A054-BD1F37A791F1}.Debug|ARM.ActiveCfg = Debug|Any CPU
		{3940324F-846C-4DD5-A054-BD1F37A791F1}.Debug|ARM.Build.0 = Debug|Any CPU
		{3940324F-846C-4DD5-A054-BD1F37A791F1}.Debug|ARM64.ActiveCfg = Debug|Any CPU
		{3940324F-846C-4DD5-A054-BD1F37A791F1}.Debug|ARM64.Build.0 = Debug|Any CPU
		{3940324F-846C-4DD5-A054-BD1F37A791F1}.Debug|x64.ActiveCfg = Debug|Any CPU
		{3940324F-846C-4DD5-A054-BD1F37A791F1}.Debug|x64.Build.0 = Debug|Any CPU
		{3940324F-846C-4DD5-A054-BD1F37A791F1}.Debug|x86.ActiveCfg = Debug|Any CPU
		{3940324F-846C-4DD5-A054-BD1F37A791F1}.Debug|x86.Build.0 = Debug|Any CPU
		{3940324F-846C-4DD5-A054-BD1F37A791F1}.Release|Any CPU.ActiveCfg = Release|Any CPU
		{3940324F-846C-4DD5-A054-BD1F37A791F1}.Release|Any CPU.Build.0 = Release|Any CPU
		{3940324F-846C-4DD5-A054-BD1F37A791F1}.Release|ARM.ActiveCfg = Release|Any CPU
		{3940324F-846C-4DD5-A054-BD1F37A791F1}.Release|ARM.Build.0 = Release|Any CPU
		{3940324F-846C-4DD5-A054-BD1F37A791F1}.Release|ARM64.ActiveCfg = Release|Any CPU
		{3940324F-846C-4DD5-A054-BD1F37A791F1}.Release|ARM64.Build.0 = Release|Any CPU
		{3940324F-846C-4DD5-A054-BD1F37A791F1}.Release|x64.ActiveCfg = Release|Any CPU
		{3940324F-846C-4DD5-A054-BD1F37A791F1}.Release|x64.Build.0 = Release|Any CPU
		{3940324F-846C-4DD5-A054-BD1F37A791F1}.Release|x86.ActiveCfg = Release|Any CPU
		{3940324F-846C-4DD5-A054-BD1F37A791F1}.Release|x86.Build.0 = Release|Any CPU
		{843A4EC4-39EB-4559-8899-8F08CDA1B903}.Debug|Any CPU.ActiveCfg = Debug|Any CPU
		{843A4EC4-39EB-4559-8899-8F08CDA1B903}.Debug|Any CPU.Build.0 = Debug|Any CPU
		{843A4EC4-39EB-4559-8899-8F08CDA1B903}.Debug|ARM.ActiveCfg = Debug|Any CPU
		{843A4EC4-39EB-4559-8899-8F08CDA1B903}.Debug|ARM.Build.0 = Debug|Any CPU
		{843A4EC4-39EB-4559-8899-8F08CDA1B903}.Debug|ARM64.ActiveCfg = Debug|Any CPU
		{843A4EC4-39EB-4559-8899-8F08CDA1B903}.Debug|ARM64.Build.0 = Debug|Any CPU
		{843A4EC4-39EB-4559-8899-8F08CDA1B903}.Debug|x64.ActiveCfg = Debug|Any CPU
		{843A4EC4-39EB-4559-8899-8F08CDA1B903}.Debug|x64.Build.0 = Debug|Any CPU
		{843A4EC4-39EB-4559-8899-8F08CDA1B903}.Debug|x86.ActiveCfg = Debug|Any CPU
		{843A4EC4-39EB-4559-8899-8F08CDA1B903}.Debug|x86.Build.0 = Debug|Any CPU
		{843A4EC4-39EB-4559-8899-8F08CDA1B903}.Release|Any CPU.ActiveCfg = Release|Any CPU
		{843A4EC4-39EB-4559-8899-8F08CDA1B903}.Release|Any CPU.Build.0 = Release|Any CPU
		{843A4EC4-39EB-4559-8899-8F08CDA1B903}.Release|ARM.ActiveCfg = Release|Any CPU
		{843A4EC4-39EB-4559-8899-8F08CDA1B903}.Release|ARM.Build.0 = Release|Any CPU
		{843A4EC4-39EB-4559-8899-8F08CDA1B903}.Release|ARM64.ActiveCfg = Release|Any CPU
		{843A4EC4-39EB-4559-8899-8F08CDA1B903}.Release|ARM64.Build.0 = Release|Any CPU
		{843A4EC4-39EB-4559-8899-8F08CDA1B903}.Release|x64.ActiveCfg = Release|Any CPU
		{843A4EC4-39EB-4559-8899-8F08CDA1B903}.Release|x64.Build.0 = Release|Any CPU
		{843A4EC4-39EB-4559-8899-8F08CDA1B903}.Release|x86.ActiveCfg = Release|Any CPU
		{843A4EC4-39EB-4559-8899-8F08CDA1B903}.Release|x86.Build.0 = Release|Any CPU
		{98B248FB-530C-4EA4-BE0B-FE7D2FC122C9}.Debug|Any CPU.ActiveCfg = Debug|Any CPU
		{98B248FB-530C-4EA4-BE0B-FE7D2FC122C9}.Debug|Any CPU.Build.0 = Debug|Any CPU
		{98B248FB-530C-4EA4-BE0B-FE7D2FC122C9}.Debug|ARM.ActiveCfg = Debug|Any CPU
		{98B248FB-530C-4EA4-BE0B-FE7D2FC122C9}.Debug|ARM.Build.0 = Debug|Any CPU
		{98B248FB-530C-4EA4-BE0B-FE7D2FC122C9}.Debug|ARM64.ActiveCfg = Debug|Any CPU
		{98B248FB-530C-4EA4-BE0B-FE7D2FC122C9}.Debug|ARM64.Build.0 = Debug|Any CPU
		{98B248FB-530C-4EA4-BE0B-FE7D2FC122C9}.Debug|x64.ActiveCfg = Debug|Any CPU
		{98B248FB-530C-4EA4-BE0B-FE7D2FC122C9}.Debug|x64.Build.0 = Debug|Any CPU
		{98B248FB-530C-4EA4-BE0B-FE7D2FC122C9}.Debug|x86.ActiveCfg = Debug|Any CPU
		{98B248FB-530C-4EA4-BE0B-FE7D2FC122C9}.Debug|x86.Build.0 = Debug|Any CPU
		{98B248FB-530C-4EA4-BE0B-FE7D2FC122C9}.Release|Any CPU.ActiveCfg = Release|Any CPU
		{98B248FB-530C-4EA4-BE0B-FE7D2FC122C9}.Release|Any CPU.Build.0 = Release|Any CPU
		{98B248FB-530C-4EA4-BE0B-FE7D2FC122C9}.Release|ARM.ActiveCfg = Release|Any CPU
		{98B248FB-530C-4EA4-BE0B-FE7D2FC122C9}.Release|ARM.Build.0 = Release|Any CPU
		{98B248FB-530C-4EA4-BE0B-FE7D2FC122C9}.Release|ARM64.ActiveCfg = Release|Any CPU
		{98B248FB-530C-4EA4-BE0B-FE7D2FC122C9}.Release|ARM64.Build.0 = Release|Any CPU
		{98B248FB-530C-4EA4-BE0B-FE7D2FC122C9}.Release|x64.ActiveCfg = Release|Any CPU
		{98B248FB-530C-4EA4-BE0B-FE7D2FC122C9}.Release|x64.Build.0 = Release|Any CPU
		{98B248FB-530C-4EA4-BE0B-FE7D2FC122C9}.Release|x86.ActiveCfg = Release|Any CPU
		{98B248FB-530C-4EA4-BE0B-FE7D2FC122C9}.Release|x86.Build.0 = Release|Any CPU
		{CF220898-E856-48B0-928F-358B137B3CFF}.Debug|Any CPU.ActiveCfg = Debug|Any CPU
		{CF220898-E856-48B0-928F-358B137B3CFF}.Debug|Any CPU.Build.0 = Debug|Any CPU
		{CF220898-E856-48B0-928F-358B137B3CFF}.Debug|ARM.ActiveCfg = Debug|Any CPU
		{CF220898-E856-48B0-928F-358B137B3CFF}.Debug|ARM.Build.0 = Debug|Any CPU
		{CF220898-E856-48B0-928F-358B137B3CFF}.Debug|ARM64.ActiveCfg = Debug|Any CPU
		{CF220898-E856-48B0-928F-358B137B3CFF}.Debug|ARM64.Build.0 = Debug|Any CPU
		{CF220898-E856-48B0-928F-358B137B3CFF}.Debug|x64.ActiveCfg = Debug|Any CPU
		{CF220898-E856-48B0-928F-358B137B3CFF}.Debug|x64.Build.0 = Debug|Any CPU
		{CF220898-E856-48B0-928F-358B137B3CFF}.Debug|x86.ActiveCfg = Debug|Any CPU
		{CF220898-E856-48B0-928F-358B137B3CFF}.Debug|x86.Build.0 = Debug|Any CPU
		{CF220898-E856-48B0-928F-358B137B3CFF}.Release|Any CPU.ActiveCfg = Release|Any CPU
		{CF220898-E856-48B0-928F-358B137B3CFF}.Release|Any CPU.Build.0 = Release|Any CPU
		{CF220898-E856-48B0-928F-358B137B3CFF}.Release|ARM.ActiveCfg = Release|Any CPU
		{CF220898-E856-48B0-928F-358B137B3CFF}.Release|ARM.Build.0 = Release|Any CPU
		{CF220898-E856-48B0-928F-358B137B3CFF}.Release|ARM64.ActiveCfg = Release|Any CPU
		{CF220898-E856-48B0-928F-358B137B3CFF}.Release|ARM64.Build.0 = Release|Any CPU
		{CF220898-E856-48B0-928F-358B137B3CFF}.Release|x64.ActiveCfg = Release|Any CPU
		{CF220898-E856-48B0-928F-358B137B3CFF}.Release|x64.Build.0 = Release|Any CPU
		{CF220898-E856-48B0-928F-358B137B3CFF}.Release|x86.ActiveCfg = Release|Any CPU
		{CF220898-E856-48B0-928F-358B137B3CFF}.Release|x86.Build.0 = Release|Any CPU
	EndGlobalSection
	GlobalSection(SolutionProperties) = preSolution
		HideSolutionNode = FALSE
	EndGlobalSection
	GlobalSection(NestedProjects) = preSolution
		{A519001E-8F96-4F91-8A98-F5BC1ACD5D17} = {B0496504-7AA2-4EBA-99E7-5221A102EFE4}
		{FBAACD2F-0EC9-4406-ABCC-AF795F78DC0A} = {1DA51EEA-D261-43CA-A731-C8F07AD7DED1}
		{4C37F951-812D-4584-B092-C3D03C1B1CA0} = {1DA51EEA-D261-43CA-A731-C8F07AD7DED1}
		{450F3BDE-36E5-4987-9470-46BD6087C8EE} = {6D2FC2D3-0CEA-472F-BF0D-130998AFCC00}
		{98B248FB-530C-4EA4-BE0B-FE7D2FC122C9} = {6D2FC2D3-0CEA-472F-BF0D-130998AFCC00}
	EndGlobalSection
	GlobalSection(ExtensibilityGlobals) = postSolution
		SolutionGuid = {AB5B4BCB-A5AF-486D-8BE5-6DDB96FA95DC}
	EndGlobalSection
EndGlobal
